Microsoft Visual Studio Solution File, Format Version 11.00
# Visual Studio 2008

Project("{12C6F120-655C-1F03-C490-D8FA5EDB6195}") = "LETSGOLUDUMZ", "Assembly-CSharp.csproj", "{03BFEE21-6CEA-8CD7-608D-DEF21398F7AF}"
EndProject
Project("{12C6F120-655C-1F03-C490-D8FA5EDB6195}") = "LETSGOLUDUMZ", "Assembly-CSharp-Editor.csproj", "{F4B6B157-1C52-7CF1-C4F5-FAAB6DE02E34}"
EndProject
Global
	GlobalSection(SolutionConfigurationPlatforms) = preSolution
		Debug|Any CPU = Debug|Any CPU
		Release|Any CPU = Release|Any CPU
	EndGlobalSection
	GlobalSection(ProjectConfigurationPlatforms) = postSolution
		{03BFEE21-6CEA-8CD7-608D-DEF21398F7AF}.Debug|Any CPU.ActiveCfg = Debug|Any CPU
		{03BFEE21-6CEA-8CD7-608D-DEF21398F7AF}.Debug|Any CPU.Build.0 = Debug|Any CPU
		{03BFEE21-6CEA-8CD7-608D-DEF21398F7AF}.Release|Any CPU.ActiveCfg = Release|Any CPU
		{03BFEE21-6CEA-8CD7-608D-DEF21398F7AF}.Release|Any CPU.Build.0 = Release|Any CPU
		{F4B6B157-1C52-7CF1-C4F5-FAAB6DE02E34}.Debug|Any CPU.ActiveCfg = Debug|Any CPU
		{F4B6B157-1C52-7CF1-C4F5-FAAB6DE02E34}.Debug|Any CPU.Build.0 = Debug|Any CPU
		{F4B6B157-1C52-7CF1-C4F5-FAAB6DE02E34}.Release|Any CPU.ActiveCfg = Release|Any CPU
		{F4B6B157-1C52-7CF1-C4F5-FAAB6DE02E34}.Release|Any CPU.Build.0 = Release|Any CPU
	EndGlobalSection
	GlobalSection(SolutionProperties) = preSolution
		HideSolutionNode = FALSE
	EndGlobalSection
	GlobalSection(MonoDevelopProperties) = preSolution
		StartupItem = Assembly-CSharp.csproj
	EndGlobalSection
EndGlobal
