
Microsoft Visual Studio Solution File, Format Version 12.00
# Visual Studio 2015
Project("{FAE04EC0-301F-11D3-BF4B-00C04F79EFBC}") = "LETSGOLUDUMZ.CSharp", "LETSGOLUDUMZ.CSharp.csproj", "{A9FD0551-3B24-3505-5CC6-A7DF392F1B8F}"
EndProject
Project("{FAE04EC0-301F-11D3-BF4B-00C04F79EFBC}") = "LETSGOLUDUMZ.CSharp.Editor", "LETSGOLUDUMZ.CSharp.Editor.csproj", "{99B30E69-3CA5-205C-10AE-C2FF56F13A5B}"
EndProject
Global
	GlobalSection(SolutionConfigurationPlatforms) = preSolution
		Debug|Any CPU = Debug|Any CPU
		Release|Any CPU = Release|Any CPU
	EndGlobalSection
	GlobalSection(ProjectConfigurationPlatforms) = postSolution
		{A9FD0551-3B24-3505-5CC6-A7DF392F1B8F}.Debug|Any CPU.ActiveCfg = Debug|Any CPU
		{A9FD0551-3B24-3505-5CC6-A7DF392F1B8F}.Debug|Any CPU.Build.0 = Debug|Any CPU
		{A9FD0551-3B24-3505-5CC6-A7DF392F1B8F}.Release|Any CPU.ActiveCfg = Release|Any CPU
		{A9FD0551-3B24-3505-5CC6-A7DF392F1B8F}.Release|Any CPU.Build.0 = Release|Any CPU
		{99B30E69-3CA5-205C-10AE-C2FF56F13A5B}.Debug|Any CPU.ActiveCfg = Debug|Any CPU
		{99B30E69-3CA5-205C-10AE-C2FF56F13A5B}.Debug|Any CPU.Build.0 = Debug|Any CPU
		{99B30E69-3CA5-205C-10AE-C2FF56F13A5B}.Release|Any CPU.ActiveCfg = Release|Any CPU
		{99B30E69-3CA5-205C-10AE-C2FF56F13A5B}.Release|Any CPU.Build.0 = Release|Any CPU
	EndGlobalSection
	GlobalSection(SolutionProperties) = preSolution
		HideSolutionNode = FALSE
	EndGlobalSection
EndGlobal
